{
  "version": 4,
  "terraform_version": "1.15.2",
  "serial": 1,
  "lineage": "a30a00c7-5c91-e882-ba06-593e4c870142",
  "outputs": {},
  "resources": [
    {
      "mode": "managed",
      "type": "docker_image",
      "name": "app",
      "provider": "provider[\"registry.terraform.io/kreuzwerker/docker\"]",
      "instances": [
        {
          "schema_version": 0,
          "attributes": {
            "build": [],
            "force_remove": null,
            "id": "sha256:3adc44c03492e50c37d1690316fc431fd68e219f8e24719498bb3eca09f6ed4aghcr.io/zetoune2/cicd-pipeline-test:latest",
            "image_id": "sha256:3adc44c03492e50c37d1690316fc431fd68e219f8e24719498bb3eca09f6ed4a",
            "keep_locally": null,
            "name": "ghcr.io/zetoune2/cicd-pipeline-test:latest",
            "platform": null,
            "pull_triggers": null,
            "repo_digest": "ghcr.io/zetoune2/cicd-pipeline-test@sha256:3adc44c03492e50c37d1690316fc431fd68e219f8e24719498bb3eca09f6ed4a",
            "timeouts": null,
            "triggers": null
          },
          "sensitive_attributes": [],
          "identity_schema_version": 0,
          "private": "eyJlMmJmYjczMC1lY2FhLTExZTYtOGY4OC0zNDM2M2JjN2M0YzAiOnsiY3JlYXRlIjoxMjAwMDAwMDAwMDAwLCJkZWxldGUiOjEyMDAwMDAwMDAwMDAsInVwZGF0ZSI6MTIwMDAwMDAwMDAwMH19"
        }
      ]
    }
  ],
  "check_results": null
}
